<?xml version="1.0" encoding="utf-8"?>
<Project ToolsVersion="4.0" xmlns="http://schemas.microsoft.com/developer/msbuild/2003">
  <ItemGroup>
    <Filter Include="源文件">
      <UniqueIdentifier>{4FC737F1-C7A5-4376-A066-2A32D752A2FF}</UniqueIdentifier>
      <Extensions>cpp;c;cc;cxx;def;odl;idl;hpj;bat;asm;asmx</Extensions>
    </Filter>
    <Filter Include="头文件">
      <UniqueIdentifier>{93995380-89BD-4b04-88EB-625FBE52EBFB}</UniqueIdentifier>
      <Extensions>h;hh;hpp;hxx;hm;inl;inc;xsd</Extensions>
    </Filter>
    <Filter Include="资源文件">
      <UniqueIdentifier>{67DA6AB6-F800-4c08-8B7A-83BB121AAD01}</UniqueIdentifier>
      <Extensions>rc;ico;cur;bmp;dlg;rc2;rct;bin;rgs;gif;jpg;jpeg;jpe;resx;tiff;tif;png;wav;mfcribbon-ms</Extensions>
    </Filter>
  </ItemGroup>
  <ItemGroup>
    <Text Include="ReadMe.txt" />
  </ItemGroup>
  <ItemGroup>
    <ClInclude Include="NewTopo.h">
      <Filter>头文件</Filter>
    </ClInclude>
    <ClInclude Include="stdafx.h">
      <Filter>头文件</Filter>
    </ClInclude>
    <ClInclude Include="targetver.h">
      <Filter>头文件</Filter>
    </ClInclude>
    <ClInclude Include="MainFrm.h">
      <Filter>头文件</Filter>
    </ClInclude>
    <ClInclude Include="NewTopoDoc.h">
      <Filter>头文件</Filter>
    </ClInclude>
    <ClInclude Include="NewTopoView.h">
      <Filter>头文件</Filter>
    </ClInclude>
    <ClInclude Include="Resource.h">
      <Filter>头文件</Filter>
    </ClInclude>
    <ClInclude Include="GeoMap.h">
      <Filter>头文件</Filter>
    </ClInclude>
    <ClInclude Include="GeoLayer.h">
      <Filter>头文件</Filter>
    </ClInclude>
    <ClInclude Include="GeoObject.h">
      <Filter>头文件</Filter>
    </ClInclude>
    <ClInclude Include="GeoPoint.h">
      <Filter>头文件</Filter>
    </ClInclude>
    <ClInclude Include="GeoPolyline.h">
      <Filter>头文件</Filter>
    </ClInclude>
    <ClInclude Include="GeoPolygon.h">
      <Filter>头文件</Filter>
    </ClInclude>
    <ClInclude Include="GeoBuilding.h">
      <Filter>头文件</Filter>
    </ClInclude>
    <ClInclude Include="MyPoint.h">
      <Filter>头文件</Filter>
    </ClInclude>
    <ClInclude Include="MyDialog.h">
      <Filter>头文件</Filter>
    </ClInclude>
    <ClInclude Include="MyDCConfig.h">
      <Filter>头文件</Filter>
    </ClInclude>
    <ClInclude Include="PolygonSimplifyDialog.h">
      <Filter>头文件</Filter>
    </ClInclude>
    <ClInclude Include="SelectDialog.h">
      <Filter>头文件</Filter>
    </ClInclude>
    <ClInclude Include="AttFindDialog.h">
      <Filter>头文件</Filter>
    </ClInclude>
    <ClInclude Include="GeoRoad.h">
      <Filter>头文件</Filter>
    </ClInclude>
    <ClInclude Include="MABR_ZF.h">
      <Filter>头文件</Filter>
    </ClInclude>
  </ItemGroup>
  <ItemGroup>
    <ClCompile Include="NewTopo.cpp">
      <Filter>源文件</Filter>
    </ClCompile>
    <ClCompile Include="stdafx.cpp">
      <Filter>源文件</Filter>
    </ClCompile>
    <ClCompile Include="MainFrm.cpp">
      <Filter>源文件</Filter>
    </ClCompile>
    <ClCompile Include="NewTopoDoc.cpp">
      <Filter>源文件</Filter>
    </ClCompile>
    <ClCompile Include="NewTopoView.cpp">
      <Filter>源文件</Filter>
    </ClCompile>
    <ClCompile Include="GeoMap.cpp">
      <Filter>源文件</Filter>
    </ClCompile>
    <ClCompile Include="GeoLayer.cpp">
      <Filter>源文件</Filter>
    </ClCompile>
    <ClCompile Include="GeoObject.cpp">
      <Filter>源文件</Filter>
    </ClCompile>
    <ClCompile Include="GeoPoint.cpp">
      <Filter>源文件</Filter>
    </ClCompile>
    <ClCompile Include="GeoPolyline.cpp">
      <Filter>源文件</Filter>
    </ClCompile>
    <ClCompile Include="GeoPolygon.cpp">
      <Filter>源文件</Filter>
    </ClCompile>
    <ClCompile Include="GeoBuilding.cpp">
      <Filter>源文件</Filter>
    </ClCompile>
    <ClCompile Include="MyPoint.cpp">
      <Filter>源文件</Filter>
    </ClCompile>
    <ClCompile Include="MyDialog.cpp">
      <Filter>源文件</Filter>
    </ClCompile>
    <ClCompile Include="MyDCConfig.cpp">
      <Filter>源文件</Filter>
    </ClCompile>
    <ClCompile Include="PolygonSimplifyDialog.cpp">
      <Filter>源文件</Filter>
    </ClCompile>
    <ClCompile Include="SelectDialog.cpp">
      <Filter>源文件</Filter>
    </ClCompile>
    <ClCompile Include="AttFindDialog.cpp">
      <Filter>源文件</Filter>
    </ClCompile>
    <ClCompile Include="GeoRoad.cpp">
      <Filter>源文件</Filter>
    </ClCompile>
    <ClCompile Include="MABR_ZF.cpp">
      <Filter>源文件</Filter>
    </ClCompile>
  </ItemGroup>
  <ItemGroup>
    <ResourceCompile Include="NewTopo.rc">
      <Filter>资源文件</Filter>
    </ResourceCompile>
  </ItemGroup>
  <ItemGroup>
    <None Include="res\NewTopo.rc2">
      <Filter>资源文件</Filter>
    </None>
  </ItemGroup>
  <ItemGroup>
    <Image Include="res\NewTopoDoc.ico">
      <Filter>资源文件</Filter>
    </Image>
    <Image Include="res\NewTopo.ico">
      <Filter>资源文件</Filter>
    </Image>
    <Image Include="res\Toolbar.bmp">
      <Filter>资源文件</Filter>
    </Image>
  </ItemGroup>
</Project>